
Microsoft Visual Studio Solution File, Format Version 12.00
# Visual Studio 14
VisualStudioVersion = 14.0.24720.0
MinimumVisualStudioVersion = 10.0.40219.1
Project("{FAE04EC0-301F-11D3-BF4B-00C04F79EFBC}") = "typescriptdemo", "typescriptdemo\typescriptdemo.csproj", "{8E5D3043-039A-46F5-BFE1-3CB254515B23}"
EndProject
Project("{2150E333-8FDC-42A3-9474-1A3956D46DE8}") = "Solution Items", "Solution Items", "{4130EC29-5F6B-46D2-BDE4-A0CDE2D53AFB}"
	ProjectSection(SolutionItems) = preProject
		WebEssentials2015-Settings.json = WebEssentials2015-Settings.json
	EndProjectSection
EndProject
Global
	GlobalSection(SolutionConfigurationPlatforms) = preSolution
		Debug|Any CPU = Debug|Any CPU
		Release|Any CPU = Release|Any CPU
	EndGlobalSection
	GlobalSection(ProjectConfigurationPlatforms) = postSolution
		{8E5D3043-039A-46F5-BFE1-3CB254515B23}.Debug|Any CPU.ActiveCfg = Debug|Any CPU
		{8E5D3043-039A-46F5-BFE1-3CB254515B23}.Debug|Any CPU.Build.0 = Debug|Any CPU
		{8E5D3043-039A-46F5-BFE1-3CB254515B23}.Release|Any CPU.ActiveCfg = Release|Any CPU
		{8E5D3043-039A-46F5-BFE1-3CB254515B23}.Release|Any CPU.Build.0 = Release|Any CPU
	EndGlobalSection
	GlobalSection(SolutionProperties) = preSolution
		HideSolutionNode = FALSE
	EndGlobalSection
EndGlobal
